// !$*UTF8*$!
{
	archiveVersion = 1;
	classes = {
	};
	objectVersion = 50;
	objects = {

/* Begin PBXBuildFile section */
		478A1F4122664B82009B82D4 /* TerminalManager.swift in Sources */ = {isa = PBXBuildFile; fileRef = 478A1F4022664B82009B82D4 /* TerminalManager.swift */; };
		956C38B7225F7701001CB769 /* Assets.xcassets in Resources */ = {isa = PBXBuildFile; fileRef = 956C38B6225F7701001CB769 /* Assets.xcassets */; };
		956C38C3225F793C001CB769 /* main.swift in Sources */ = {isa = PBXBuildFile; fileRef = 956C38C2225F793C001CB769 /* main.swift */; };
		956C38C8225F7E30001CB769 /* Finder.swift in Sources */ = {isa = PBXBuildFile; fileRef = 956C38C6225F7E30001CB769 /* Finder.swift */; };
		956C38C9225F7E30001CB769 /* Terminal.swift in Sources */ = {isa = PBXBuildFile; fileRef = 956C38C7225F7E30001CB769 /* Terminal.swift */; };
		956C38CC225F7E45001CB769 /* TerminalApp.swift in Sources */ = {isa = PBXBuildFile; fileRef = 956C38CA225F7E45001CB769 /* TerminalApp.swift */; };
		956C38CD225F7E45001CB769 /* iTermApp.swift in Sources */ = {isa = PBXBuildFile; fileRef = 956C38CB225F7E45001CB769 /* iTermApp.swift */; };
		956C38CF225F7E49001CB769 /* TerminalProtocol.swift in Sources */ = {isa = PBXBuildFile; fileRef = 956C38CE225F7E49001CB769 /* TerminalProtocol.swift */; };
		956C38D2225F7E76001CB769 /* Error.swift in Sources */ = {isa = PBXBuildFile; fileRef = 956C38D0225F7E76001CB769 /* Error.swift */; };
		956C38D3225F7E76001CB769 /* Log.swift in Sources */ = {isa = PBXBuildFile; fileRef = 956C38D1225F7E76001CB769 /* Log.swift */; };
		956C38E1225F840F001CB769 /* icon_terminal_white.icns in Resources */ = {isa = PBXBuildFile; fileRef = 956C38DD225F840F001CB769 /* icon_terminal_white.icns */; };
		956C38E2225F840F001CB769 /* icon_iterm_white.icns in Resources */ = {isa = PBXBuildFile; fileRef = 956C38DE225F840F001CB769 /* icon_iterm_white.icns */; };
		956C38E3225F840F001CB769 /* icon_iterm_dark.icns in Resources */ = {isa = PBXBuildFile; fileRef = 956C38DF225F840F001CB769 /* icon_iterm_dark.icns */; };
		956C38E4225F840F001CB769 /* icon_terminal_dark.icns in Resources */ = {isa = PBXBuildFile; fileRef = 956C38E0225F840F001CB769 /* icon_terminal_dark.icns */; };
		95C6B9EC2264BCD40004709B /* HyperApp.swift in Sources */ = {isa = PBXBuildFile; fileRef = 95C6B9EB2264BCD40004709B /* HyperApp.swift */; };
		95C6B9F32264CA480004709B /* icon_hyper_dark.icns in Resources */ = {isa = PBXBuildFile; fileRef = 95C6B9F12264CA480004709B /* icon_hyper_dark.icns */; };
		95C6B9F42264CA480004709B /* icon_hyper_white.icns in Resources */ = {isa = PBXBuildFile; fileRef = 95C6B9F22264CA480004709B /* icon_hyper_white.icns */; };
/* End PBXBuildFile section */

/* Begin PBXFileReference section */
		478A1F4022664B82009B82D4 /* TerminalManager.swift */ = {isa = PBXFileReference; lastKnownFileType = sourcecode.swift; path = TerminalManager.swift; sourceTree = "<group>"; };
		956C38B1225F7701001CB769 /* OpenInTerminal.app */ = {isa = PBXFileReference; explicitFileType = wrapper.application; includeInIndex = 0; path = OpenInTerminal.app; sourceTree = BUILT_PRODUCTS_DIR; };
		956C38B6225F7701001CB769 /* Assets.xcassets */ = {isa = PBXFileReference; lastKnownFileType = folder.assetcatalog; path = Assets.xcassets; sourceTree = "<group>"; };
		956C38BB225F7701001CB769 /* Info.plist */ = {isa = PBXFileReference; lastKnownFileType = text.plist.xml; path = Info.plist; sourceTree = "<group>"; };
		956C38BC225F7701001CB769 /* OpenInTerminal.entitlements */ = {isa = PBXFileReference; lastKnownFileType = text.plist.entitlements; path = OpenInTerminal.entitlements; sourceTree = "<group>"; };
		956C38C2225F793C001CB769 /* main.swift */ = {isa = PBXFileReference; lastKnownFileType = sourcecode.swift; path = main.swift; sourceTree = "<group>"; };
		956C38C6225F7E30001CB769 /* Finder.swift */ = {isa = PBXFileReference; fileEncoding = 4; lastKnownFileType = sourcecode.swift; path = Finder.swift; sourceTree = "<group>"; };
		956C38C7225F7E30001CB769 /* Terminal.swift */ = {isa = PBXFileReference; fileEncoding = 4; lastKnownFileType = sourcecode.swift; path = Terminal.swift; sourceTree = "<group>"; };
		956C38CA225F7E45001CB769 /* TerminalApp.swift */ = {isa = PBXFileReference; fileEncoding = 4; lastKnownFileType = sourcecode.swift; path = TerminalApp.swift; sourceTree = "<group>"; };
		956C38CB225F7E45001CB769 /* iTermApp.swift */ = {isa = PBXFileReference; fileEncoding = 4; lastKnownFileType = sourcecode.swift; path = iTermApp.swift; sourceTree = "<group>"; };
		956C38CE225F7E49001CB769 /* TerminalProtocol.swift */ = {isa = PBXFileReference; fileEncoding = 4; lastKnownFileType = sourcecode.swift; path = TerminalProtocol.swift; sourceTree = "<group>"; };
		956C38D0225F7E76001CB769 /* Error.swift */ = {isa = PBXFileReference; fileEncoding = 4; lastKnownFileType = sourcecode.swift; path = Error.swift; sourceTree = "<group>"; };
		956C38D1225F7E76001CB769 /* Log.swift */ = {isa = PBXFileReference; fileEncoding = 4; lastKnownFileType = sourcecode.swift; path = Log.swift; sourceTree = "<group>"; };
		956C38DD225F840F001CB769 /* icon_terminal_white.icns */ = {isa = PBXFileReference; lastKnownFileType = image.icns; name = icon_terminal_white.icns; path = icons/icon_terminal_white.icns; sourceTree = SOURCE_ROOT; };
		956C38DE225F840F001CB769 /* icon_iterm_white.icns */ = {isa = PBXFileReference; lastKnownFileType = image.icns; name = icon_iterm_white.icns; path = icons/icon_iterm_white.icns; sourceTree = SOURCE_ROOT; };
		956C38DF225F840F001CB769 /* icon_iterm_dark.icns */ = {isa = PBXFileReference; lastKnownFileType = image.icns; name = icon_iterm_dark.icns; path = icons/icon_iterm_dark.icns; sourceTree = SOURCE_ROOT; };
		956C38E0225F840F001CB769 /* icon_terminal_dark.icns */ = {isa = PBXFileReference; lastKnownFileType = image.icns; name = icon_terminal_dark.icns; path = icons/icon_terminal_dark.icns; sourceTree = SOURCE_ROOT; };
		95C6B9EB2264BCD40004709B /* HyperApp.swift */ = {isa = PBXFileReference; lastKnownFileType = sourcecode.swift; path = HyperApp.swift; sourceTree = "<group>"; };
		95C6B9F12264CA480004709B /* icon_hyper_dark.icns */ = {isa = PBXFileReference; lastKnownFileType = image.icns; name = icon_hyper_dark.icns; path = icons/icon_hyper_dark.icns; sourceTree = SOURCE_ROOT; };
		95C6B9F22264CA480004709B /* icon_hyper_white.icns */ = {isa = PBXFileReference; lastKnownFileType = image.icns; name = icon_hyper_white.icns; path = icons/icon_hyper_white.icns; sourceTree = SOURCE_ROOT; };
/* End PBXFileReference section */

/* Begin PBXFrameworksBuildPhase section */
		956C38AE225F7701001CB769 /* Frameworks */ = {
			isa = PBXFrameworksBuildPhase;
			buildActionMask = 2147483647;
			files = (
			);
			runOnlyForDeploymentPostprocessing = 0;
		};
/* End PBXFrameworksBuildPhase section */

/* Begin PBXGroup section */
		956C38A8225F7701001CB769 = {
			isa = PBXGroup;
			children = (
				956C38B3225F7701001CB769 /* OpenInTerminal */,
				956C38B2225F7701001CB769 /* Products */,
			);
			sourceTree = "<group>";
		};
		956C38B2225F7701001CB769 /* Products */ = {
			isa = PBXGroup;
			children = (
				956C38B1225F7701001CB769 /* OpenInTerminal.app */,
			);
			name = Products;
			sourceTree = "<group>";
		};
		956C38B3225F7701001CB769 /* OpenInTerminal */ = {
			isa = PBXGroup;
			children = (
				956C38C2225F793C001CB769 /* main.swift */,
				956C38CE225F7E49001CB769 /* TerminalProtocol.swift */,
				478A1F4022664B82009B82D4 /* TerminalManager.swift */,
				956C38D0225F7E76001CB769 /* Error.swift */,
				956C38D1225F7E76001CB769 /* Log.swift */,
				956C38C4225F7DB7001CB769 /* Terminals */,
				956C38C5225F7E17001CB769 /* ScriptingBridge */,
				956C38D4225F7F2A001CB769 /* Resources */,
				956C38B6225F7701001CB769 /* Assets.xcassets */,
				956C38BB225F7701001CB769 /* Info.plist */,
				956C38BC225F7701001CB769 /* OpenInTerminal.entitlements */,
			);
			path = OpenInTerminal;
			sourceTree = "<group>";
		};
		956C38C4225F7DB7001CB769 /* Terminals */ = {
			isa = PBXGroup;
			children = (
				956C38CA225F7E45001CB769 /* TerminalApp.swift */,
				956C38CB225F7E45001CB769 /* iTermApp.swift */,
				95C6B9EB2264BCD40004709B /* HyperApp.swift */,
			);
			path = Terminals;
			sourceTree = "<group>";
		};
		956C38C5225F7E17001CB769 /* ScriptingBridge */ = {
			isa = PBXGroup;
			children = (
				956C38C6225F7E30001CB769 /* Finder.swift */,
				956C38C7225F7E30001CB769 /* Terminal.swift */,
			);
			path = ScriptingBridge;
			sourceTree = "<group>";
		};
		956C38D4225F7F2A001CB769 /* Resources */ = {
			isa = PBXGroup;
			children = (
				956C38DF225F840F001CB769 /* icon_iterm_dark.icns */,
				956C38DE225F840F001CB769 /* icon_iterm_white.icns */,
				956C38E0225F840F001CB769 /* icon_terminal_dark.icns */,
				956C38DD225F840F001CB769 /* icon_terminal_white.icns */,
				95C6B9F12264CA480004709B /* icon_hyper_dark.icns */,
				95C6B9F22264CA480004709B /* icon_hyper_white.icns */,
			);
			path = Resources;
			sourceTree = "<group>";
		};
/* End PBXGroup section */

/* Begin PBXNativeTarget section */
		956C38B0225F7701001CB769 /* OpenInTerminal */ = {
			isa = PBXNativeTarget;
			buildConfigurationList = 956C38BF225F7701001CB769 /* Build configuration list for PBXNativeTarget "OpenInTerminal" */;
			buildPhases = (
				956C38AD225F7701001CB769 /* Sources */,
				956C38AE225F7701001CB769 /* Frameworks */,
				956C38AF225F7701001CB769 /* Resources */,
			);
			buildRules = (
			);
			dependencies = (
			);
			name = OpenInTerminal;
			productName = OpenInTerminal;
			productReference = 956C38B1225F7701001CB769 /* OpenInTerminal.app */;
			productType = "com.apple.product-type.application";
		};
/* End PBXNativeTarget section */

/* Begin PBXProject section */
		956C38A9225F7701001CB769 /* Project object */ = {
			isa = PBXProject;
			attributes = {
				LastSwiftUpdateCheck = 1020;
				LastUpgradeCheck = 1020;
				ORGANIZATIONNAME = "Jianing Wang";
				TargetAttributes = {
					956C38B0225F7701001CB769 = {
						CreatedOnToolsVersion = 10.2;
						LastSwiftMigration = 1020;
						SystemCapabilities = {
							com.apple.Sandbox = {
								enabled = 0;
							};
						};
					};
				};
			};
			buildConfigurationList = 956C38AC225F7701001CB769 /* Build configuration list for PBXProject "OpenInTerminal" */;
			compatibilityVersion = "Xcode 9.3";
			developmentRegion = en;
			hasScannedForEncodings = 0;
			knownRegions = (
				en,
				Base,
			);
			mainGroup = 956C38A8225F7701001CB769;
			productRefGroup = 956C38B2225F7701001CB769 /* Products */;
			projectDirPath = "";
			projectRoot = "";
			targets = (
				956C38B0225F7701001CB769 /* OpenInTerminal */,
			);
		};
/* End PBXProject section */

/* Begin PBXResourcesBuildPhase section */
		956C38AF225F7701001CB769 /* Resources */ = {
			isa = PBXResourcesBuildPhase;
			buildActionMask = 2147483647;
			files = (
				956C38E4225F840F001CB769 /* icon_terminal_dark.icns in Resources */,
				956C38E2225F840F001CB769 /* icon_iterm_white.icns in Resources */,
				95C6B9F42264CA480004709B /* icon_hyper_white.icns in Resources */,
				95C6B9F32264CA480004709B /* icon_hyper_dark.icns in Resources */,
				956C38E3225F840F001CB769 /* icon_iterm_dark.icns in Resources */,
				956C38B7225F7701001CB769 /* Assets.xcassets in Resources */,
				956C38E1225F840F001CB769 /* icon_terminal_white.icns in Resources */,
			);
			runOnlyForDeploymentPostprocessing = 0;
		};
/* End PBXResourcesBuildPhase section */

/* Begin PBXSourcesBuildPhase section */
		956C38AD225F7701001CB769 /* Sources */ = {
			isa = PBXSourcesBuildPhase;
			buildActionMask = 2147483647;
			files = (
				956C38C9225F7E30001CB769 /* Terminal.swift in Sources */,
				956C38CC225F7E45001CB769 /* TerminalApp.swift in Sources */,
				956C38C3225F793C001CB769 /* main.swift in Sources */,
				956C38CD225F7E45001CB769 /* iTermApp.swift in Sources */,
				95C6B9EC2264BCD40004709B /* HyperApp.swift in Sources */,
				478A1F4122664B82009B82D4 /* TerminalManager.swift in Sources */,
				956C38C8225F7E30001CB769 /* Finder.swift in Sources */,
				956C38D2225F7E76001CB769 /* Error.swift in Sources */,
				956C38D3225F7E76001CB769 /* Log.swift in Sources */,
				956C38CF225F7E49001CB769 /* TerminalProtocol.swift in Sources */,
			);
			runOnlyForDeploymentPostprocessing = 0;
		};
/* End PBXSourcesBuildPhase section */

/* Begin XCBuildConfiguration section */
		956C38BD225F7701001CB769 /* Debug */ = {
			isa = XCBuildConfiguration;
			buildSettings = {
				ALWAYS_SEARCH_USER_PATHS = NO;
				CLANG_ANALYZER_NONNULL = YES;
				CLANG_ANALYZER_NUMBER_OBJECT_CONVERSION = YES_AGGRESSIVE;
				CLANG_CXX_LANGUAGE_STANDARD = "gnu++14";
				CLANG_CXX_LIBRARY = "libc++";
				CLANG_ENABLE_MODULES = YES;
				CLANG_ENABLE_OBJC_ARC = YES;
				CLANG_ENABLE_OBJC_WEAK = YES;
				CLANG_WARN_BLOCK_CAPTURE_AUTORELEASING = YES;
				CLANG_WARN_BOOL_CONVERSION = YES;
				CLANG_WARN_COMMA = YES;
				CLANG_WARN_CONSTANT_CONVERSION = YES;
				CLANG_WARN_DEPRECATED_OBJC_IMPLEMENTATIONS = YES;
				CLANG_WARN_DIRECT_OBJC_ISA_USAGE = YES_ERROR;
				CLANG_WARN_DOCUMENTATION_COMMENTS = YES;
				CLANG_WARN_EMPTY_BODY = YES;
				CLANG_WARN_ENUM_CONVERSION = YES;
				CLANG_WARN_INFINITE_RECURSION = YES;
				CLANG_WARN_INT_CONVERSION = YES;
				CLANG_WARN_NON_LITERAL_NULL_CONVERSION = YES;
				CLANG_WARN_OBJC_IMPLICIT_RETAIN_SELF = YES;
				CLANG_WARN_OBJC_LITERAL_CONVERSION = YES;
				CLANG_WARN_OBJC_ROOT_CLASS = YES_ERROR;
				CLANG_WARN_RANGE_LOOP_ANALYSIS = YES;
				CLANG_WARN_STRICT_PROTOTYPES = YES;
				CLANG_WARN_SUSPICIOUS_MOVE = YES;
				CLANG_WARN_UNGUARDED_AVAILABILITY = YES_AGGRESSIVE;
				CLANG_WARN_UNREACHABLE_CODE = YES;
				CLANG_WARN__DUPLICATE_METHOD_MATCH = YES;
				CODE_SIGN_IDENTITY = "Mac Developer";
				COPY_PHASE_STRIP = NO;
				DEBUG_INFORMATION_FORMAT = dwarf;
				ENABLE_STRICT_OBJC_MSGSEND = YES;
				ENABLE_TESTABILITY = YES;
				GCC_C_LANGUAGE_STANDARD = gnu11;
				GCC_DYNAMIC_NO_PIC = NO;
				GCC_NO_COMMON_BLOCKS = YES;
				GCC_OPTIMIZATION_LEVEL = 0;
				GCC_PREPROCESSOR_DEFINITIONS = (
					"DEBUG=1",
					"$(inherited)",
				);
				GCC_WARN_64_TO_32_BIT_CONVERSION = YES;
				GCC_WARN_ABOUT_RETURN_TYPE = YES_ERROR;
				GCC_WARN_UNDECLARED_SELECTOR = YES;
				GCC_WARN_UNINITIALIZED_AUTOS = YES_AGGRESSIVE;
				GCC_WARN_UNUSED_FUNCTION = YES;
				GCC_WARN_UNUSED_VARIABLE = YES;
				MACOSX_DEPLOYMENT_TARGET = 10.14;
				MTL_ENABLE_DEBUG_INFO = INCLUDE_SOURCE;
				MTL_FAST_MATH = YES;
				ONLY_ACTIVE_ARCH = YES;
				SDKROOT = macosx;
				SWIFT_ACTIVE_COMPILATION_CONDITIONS = DEBUG;
				SWIFT_OPTIMIZATION_LEVEL = "-Onone";
			};
			name = Debug;
		};
		956C38BE225F7701001CB769 /* Release */ = {
			isa = XCBuildConfiguration;
			buildSettings = {
				ALWAYS_SEARCH_USER_PATHS = NO;
				CLANG_ANALYZER_NONNULL = YES;
				CLANG_ANALYZER_NUMBER_OBJECT_CONVERSION = YES_AGGRESSIVE;
				CLANG_CXX_LANGUAGE_STANDARD = "gnu++14";
				CLANG_CXX_LIBRARY = "libc++";
				CLANG_ENABLE_MODULES = YES;
				CLANG_ENABLE_OBJC_ARC = YES;
				CLANG_ENABLE_OBJC_WEAK = YES;
				CLANG_WARN_BLOCK_CAPTURE_AUTORELEASING = YES;
				CLANG_WARN_BOOL_CONVERSION = YES;
				CLANG_WARN_COMMA = YES;
				CLANG_WARN_CONSTANT_CONVERSION = YES;
				CLANG_WARN_DEPRECATED_OBJC_IMPLEMENTATIONS = YES;
				CLANG_WARN_DIRECT_OBJC_ISA_USAGE = YES_ERROR;
				CLANG_WARN_DOCUMENTATION_COMMENTS = YES;
				CLANG_WARN_EMPTY_BODY = YES;
				CLANG_WARN_ENUM_CONVERSION = YES;
				CLANG_WARN_INFINITE_RECURSION = YES;
				CLANG_WARN_INT_CONVERSION = YES;
				CLANG_WARN_NON_LITERAL_NULL_CONVERSION = YES;
				CLANG_WARN_OBJC_IMPLICIT_RETAIN_SELF = YES;
				CLANG_WARN_OBJC_LITERAL_CONVERSION = YES;
				CLANG_WARN_OBJC_ROOT_CLASS = YES_ERROR;
				CLANG_WARN_RANGE_LOOP_ANALYSIS = YES;
				CLANG_WARN_STRICT_PROTOTYPES = YES;
				CLANG_WARN_SUSPICIOUS_MOVE = YES;
				CLANG_WARN_UNGUARDED_AVAILABILITY = YES_AGGRESSIVE;
				CLANG_WARN_UNREACHABLE_CODE = YES;
				CLANG_WARN__DUPLICATE_METHOD_MATCH = YES;
				CODE_SIGN_IDENTITY = "Mac Developer";
				COPY_PHASE_STRIP = NO;
				DEBUG_INFORMATION_FORMAT = "dwarf-with-dsym";
				ENABLE_NS_ASSERTIONS = NO;
				ENABLE_STRICT_OBJC_MSGSEND = YES;
				GCC_C_LANGUAGE_STANDARD = gnu11;
				GCC_NO_COMMON_BLOCKS = YES;
				GCC_WARN_64_TO_32_BIT_CONVERSION = YES;
				GCC_WARN_ABOUT_RETURN_TYPE = YES_ERROR;
				GCC_WARN_UNDECLARED_SELECTOR = YES;
				GCC_WARN_UNINITIALIZED_AUTOS = YES_AGGRESSIVE;
				GCC_WARN_UNUSED_FUNCTION = YES;
				GCC_WARN_UNUSED_VARIABLE = YES;
				MACOSX_DEPLOYMENT_TARGET = 10.14;
				MTL_ENABLE_DEBUG_INFO = NO;
				MTL_FAST_MATH = YES;
				SDKROOT = macosx;
				SWIFT_COMPILATION_MODE = wholemodule;
				SWIFT_OPTIMIZATION_LEVEL = "-O";
			};
			name = Release;
		};
		956C38C0225F7701001CB769 /* Debug */ = {
			isa = XCBuildConfiguration;
			buildSettings = {
				ASSETCATALOG_COMPILER_APPICON_NAME = "Terminal-Light";
				CLANG_ENABLE_MODULES = YES;
				CODE_SIGN_STYLE = Automatic;
				COMBINE_HIDPI_IMAGES = YES;
				DEVELOPMENT_TEAM = H9HL3TFS6J;
				INFOPLIST_FILE = OpenInTerminal/Info.plist;
				LD_RUNPATH_SEARCH_PATHS = (
					"$(inherited)",
					"@executable_path/../Frameworks",
				);
				MACOSX_DEPLOYMENT_TARGET = 10.9;
				PRODUCT_BUNDLE_IDENTIFIER = wang.jianing.OpenInTerminal;
				PRODUCT_NAME = "$(TARGET_NAME)";
				SWIFT_OPTIMIZATION_LEVEL = "-Onone";
				SWIFT_VERSION = 5.0;
			};
			name = Debug;
		};
		956C38C1225F7701001CB769 /* Release */ = {
			isa = XCBuildConfiguration;
			buildSettings = {
				ASSETCATALOG_COMPILER_APPICON_NAME = "Terminal-Light";
				CLANG_ENABLE_MODULES = YES;
				CODE_SIGN_STYLE = Automatic;
				COMBINE_HIDPI_IMAGES = YES;
				DEVELOPMENT_TEAM = H9HL3TFS6J;
				INFOPLIST_FILE = OpenInTerminal/Info.plist;
				LD_RUNPATH_SEARCH_PATHS = (
					"$(inherited)",
					"@executable_path/../Frameworks",
				);
				MACOSX_DEPLOYMENT_TARGET = 10.9;
				PRODUCT_BUNDLE_IDENTIFIER = wang.jianing.OpenInTerminal;
				PRODUCT_NAME = "$(TARGET_NAME)";
				SWIFT_VERSION = 5.0;
			};
			name = Release;
		};
/* End XCBuildConfiguration section */

/* Begin XCConfigurationList section */
		956C38AC225F7701001CB769 /* Build configuration list for PBXProject "OpenInTerminal" */ = {
			isa = XCConfigurationList;
			buildConfigurations = (
				956C38BD225F7701001CB769 /* Debug */,
				956C38BE225F7701001CB769 /* Release */,
			);
			defaultConfigurationIsVisible = 0;
			defaultConfigurationName = Release;
		};
		956C38BF225F7701001CB769 /* Build configuration list for PBXNativeTarget "OpenInTerminal" */ = {
			isa = XCConfigurationList;
			buildConfigurations = (
				956C38C0225F7701001CB769 /* Debug */,
				956C38C1225F7701001CB769 /* Release */,
			);
			defaultConfigurationIsVisible = 0;
			defaultConfigurationName = Release;
		};
/* End XCConfigurationList section */
	};
	rootObject = 956C38A9225F7701001CB769 /* Project object */;
}
