// !$*UTF8*$!
{
	archiveVersion = 1;
	classes = {
	};
	objectVersion = 50;
	objects = {

/* Begin PBXBuildFile section */
		95A0744D22C2083E00A42BC8 /* Assets.xcassets in Resources */ = {isa = PBXBuildFile; fileRef = 95A0744C22C2083E00A42BC8 /* Assets.xcassets */; };
		95A0745922C2140700A42BC8 /* OpenInTerminalCore.framework in Frameworks */ = {isa = PBXBuildFile; fileRef = 95A0745822C2140700A42BC8 /* OpenInTerminalCore.framework */; };
		95A0745A22C2140700A42BC8 /* OpenInTerminalCore.framework in Embed Frameworks */ = {isa = PBXBuildFile; fileRef = 95A0745822C2140700A42BC8 /* OpenInTerminalCore.framework */; settings = {ATTRIBUTES = (CodeSignOnCopy, RemoveHeadersOnCopy, ); }; };
		95A0745D22C2141700A42BC8 /* main.swift in Sources */ = {isa = PBXBuildFile; fileRef = 95A0745C22C2141700A42BC8 /* main.swift */; };
		95A0745F22C2155800A42BC8 /* Error.swift in Sources */ = {isa = PBXBuildFile; fileRef = 95A0745E22C2155800A42BC8 /* Error.swift */; };
		95A0746222C217E800A42BC8 /* Localizable.strings in Resources */ = {isa = PBXBuildFile; fileRef = 95A0746422C217E800A42BC8 /* Localizable.strings */; };
/* End PBXBuildFile section */

/* Begin PBXCopyFilesBuildPhase section */
		95A0745B22C2140800A42BC8 /* Embed Frameworks */ = {
			isa = PBXCopyFilesBuildPhase;
			buildActionMask = 2147483647;
			dstPath = "";
			dstSubfolderSpec = 10;
			files = (
				95A0745A22C2140700A42BC8 /* OpenInTerminalCore.framework in Embed Frameworks */,
			);
			name = "Embed Frameworks";
			runOnlyForDeploymentPostprocessing = 0;
		};
/* End PBXCopyFilesBuildPhase section */

/* Begin PBXFileReference section */
		82AE667823896C4E00F4DB4D /* ko */ = {isa = PBXFileReference; lastKnownFileType = text.plist.strings; name = ko; path = ko.lproj/Localizable.strings; sourceTree = "<group>"; };
		9595D2A223BAD7EE006CBB36 /* OpenInEditor-Lite.entitlements */ = {isa = PBXFileReference; lastKnownFileType = text.plist.entitlements; path = "OpenInEditor-Lite.entitlements"; sourceTree = "<group>"; };
		95A0744722C2083E00A42BC8 /* OpenInEditor-Lite.app */ = {isa = PBXFileReference; explicitFileType = wrapper.application; includeInIndex = 0; path = "OpenInEditor-Lite.app"; sourceTree = BUILT_PRODUCTS_DIR; };
		95A0744C22C2083E00A42BC8 /* Assets.xcassets */ = {isa = PBXFileReference; lastKnownFileType = folder.assetcatalog; path = Assets.xcassets; sourceTree = "<group>"; };
		95A0745122C2083E00A42BC8 /* Info.plist */ = {isa = PBXFileReference; lastKnownFileType = text.plist.xml; path = Info.plist; sourceTree = "<group>"; };
		95A0745222C2083E00A42BC8 /* OpenInEditor_Lite.entitlements */ = {isa = PBXFileReference; lastKnownFileType = text.plist.entitlements; path = OpenInEditor_Lite.entitlements; sourceTree = "<group>"; };
		95A0745822C2140700A42BC8 /* OpenInTerminalCore.framework */ = {isa = PBXFileReference; explicitFileType = wrapper.framework; path = OpenInTerminalCore.framework; sourceTree = BUILT_PRODUCTS_DIR; };
		95A0745C22C2141700A42BC8 /* main.swift */ = {isa = PBXFileReference; lastKnownFileType = sourcecode.swift; path = main.swift; sourceTree = "<group>"; };
		95A0745E22C2155800A42BC8 /* Error.swift */ = {isa = PBXFileReference; lastKnownFileType = sourcecode.swift; path = Error.swift; sourceTree = "<group>"; };
		95A0746322C217E800A42BC8 /* en */ = {isa = PBXFileReference; lastKnownFileType = text.plist.strings; name = en; path = en.lproj/Localizable.strings; sourceTree = "<group>"; };
		95A0746522C217EC00A42BC8 /* zh-Hans */ = {isa = PBXFileReference; lastKnownFileType = text.plist.strings; name = "zh-Hans"; path = "zh-Hans.lproj/Localizable.strings"; sourceTree = "<group>"; };
		95A0746622C217EF00A42BC8 /* fr */ = {isa = PBXFileReference; lastKnownFileType = text.plist.strings; name = fr; path = fr.lproj/Localizable.strings; sourceTree = "<group>"; };
/* End PBXFileReference section */

/* Begin PBXFrameworksBuildPhase section */
		95A0744422C2083E00A42BC8 /* Frameworks */ = {
			isa = PBXFrameworksBuildPhase;
			buildActionMask = 2147483647;
			files = (
				95A0745922C2140700A42BC8 /* OpenInTerminalCore.framework in Frameworks */,
			);
			runOnlyForDeploymentPostprocessing = 0;
		};
/* End PBXFrameworksBuildPhase section */

/* Begin PBXGroup section */
		95A0743E22C2083E00A42BC8 = {
			isa = PBXGroup;
			children = (
				95A0745822C2140700A42BC8 /* OpenInTerminalCore.framework */,
				95A0744922C2083E00A42BC8 /* OpenInEditor-Lite */,
				95A0744822C2083E00A42BC8 /* Products */,
			);
			sourceTree = "<group>";
		};
		95A0744822C2083E00A42BC8 /* Products */ = {
			isa = PBXGroup;
			children = (
				95A0744722C2083E00A42BC8 /* OpenInEditor-Lite.app */,
			);
			name = Products;
			sourceTree = "<group>";
		};
		95A0744922C2083E00A42BC8 /* OpenInEditor-Lite */ = {
			isa = PBXGroup;
			children = (
				9595D2A223BAD7EE006CBB36 /* OpenInEditor-Lite.entitlements */,
				95A0745C22C2141700A42BC8 /* main.swift */,
				95A0745E22C2155800A42BC8 /* Error.swift */,
				95A0744C22C2083E00A42BC8 /* Assets.xcassets */,
				95A0745122C2083E00A42BC8 /* Info.plist */,
				95A0745222C2083E00A42BC8 /* OpenInEditor_Lite.entitlements */,
				95A0746422C217E800A42BC8 /* Localizable.strings */,
			);
			path = "OpenInEditor-Lite";
			sourceTree = "<group>";
		};
/* End PBXGroup section */

/* Begin PBXNativeTarget section */
		95A0744622C2083E00A42BC8 /* OpenInEditor-Lite */ = {
			isa = PBXNativeTarget;
			buildConfigurationList = 95A0745522C2083E00A42BC8 /* Build configuration list for PBXNativeTarget "OpenInEditor-Lite" */;
			buildPhases = (
				95A0744322C2083E00A42BC8 /* Sources */,
				95A0744422C2083E00A42BC8 /* Frameworks */,
				95A0744522C2083E00A42BC8 /* Resources */,
				95A0745B22C2140800A42BC8 /* Embed Frameworks */,
			);
			buildRules = (
			);
			dependencies = (
			);
			name = "OpenInEditor-Lite";
			productName = "OpenInEditor-Lite";
			productReference = 95A0744722C2083E00A42BC8 /* OpenInEditor-Lite.app */;
			productType = "com.apple.product-type.application";
		};
/* End PBXNativeTarget section */

/* Begin PBXProject section */
		95A0743F22C2083E00A42BC8 /* Project object */ = {
			isa = PBXProject;
			attributes = {
				LastSwiftUpdateCheck = 1020;
				LastUpgradeCheck = 1100;
				ORGANIZATIONNAME = "Jianing Wang";
				TargetAttributes = {
					95A0744622C2083E00A42BC8 = {
						CreatedOnToolsVersion = 10.2.1;
						SystemCapabilities = {
							com.apple.Sandbox = {
								enabled = 0;
							};
						};
					};
				};
			};
			buildConfigurationList = 95A0744222C2083E00A42BC8 /* Build configuration list for PBXProject "OpenInEditor-Lite" */;
			compatibilityVersion = "Xcode 9.3";
			developmentRegion = en;
			hasScannedForEncodings = 0;
			knownRegions = (
				en,
				Base,
				"zh-Hans",
				fr,
				ko,
			);
			mainGroup = 95A0743E22C2083E00A42BC8;
			productRefGroup = 95A0744822C2083E00A42BC8 /* Products */;
			projectDirPath = "";
			projectRoot = "";
			targets = (
				95A0744622C2083E00A42BC8 /* OpenInEditor-Lite */,
			);
		};
/* End PBXProject section */

/* Begin PBXResourcesBuildPhase section */
		95A0744522C2083E00A42BC8 /* Resources */ = {
			isa = PBXResourcesBuildPhase;
			buildActionMask = 2147483647;
			files = (
				95A0744D22C2083E00A42BC8 /* Assets.xcassets in Resources */,
				95A0746222C217E800A42BC8 /* Localizable.strings in Resources */,
			);
			runOnlyForDeploymentPostprocessing = 0;
		};
/* End PBXResourcesBuildPhase section */

/* Begin PBXSourcesBuildPhase section */
		95A0744322C2083E00A42BC8 /* Sources */ = {
			isa = PBXSourcesBuildPhase;
			buildActionMask = 2147483647;
			files = (
				95A0745F22C2155800A42BC8 /* Error.swift in Sources */,
				95A0745D22C2141700A42BC8 /* main.swift in Sources */,
			);
			runOnlyForDeploymentPostprocessing = 0;
		};
/* End PBXSourcesBuildPhase section */

/* Begin PBXVariantGroup section */
		95A0746422C217E800A42BC8 /* Localizable.strings */ = {
			isa = PBXVariantGroup;
			children = (
				95A0746322C217E800A42BC8 /* en */,
				95A0746522C217EC00A42BC8 /* zh-Hans */,
				95A0746622C217EF00A42BC8 /* fr */,
				82AE667823896C4E00F4DB4D /* ko */,
			);
			name = Localizable.strings;
			sourceTree = "<group>";
		};
/* End PBXVariantGroup section */

/* Begin XCBuildConfiguration section */
		95A0745322C2083E00A42BC8 /* Debug */ = {
			isa = XCBuildConfiguration;
			buildSettings = {
				ALWAYS_SEARCH_USER_PATHS = NO;
				CLANG_ANALYZER_LOCALIZABILITY_NONLOCALIZED = YES;
				CLANG_ANALYZER_NONNULL = YES;
				CLANG_ANALYZER_NUMBER_OBJECT_CONVERSION = YES_AGGRESSIVE;
				CLANG_CXX_LANGUAGE_STANDARD = "gnu++14";
				CLANG_CXX_LIBRARY = "libc++";
				CLANG_ENABLE_MODULES = YES;
				CLANG_ENABLE_OBJC_ARC = YES;
				CLANG_ENABLE_OBJC_WEAK = YES;
				CLANG_WARN_BLOCK_CAPTURE_AUTORELEASING = YES;
				CLANG_WARN_BOOL_CONVERSION = YES;
				CLANG_WARN_COMMA = YES;
				CLANG_WARN_CONSTANT_CONVERSION = YES;
				CLANG_WARN_DEPRECATED_OBJC_IMPLEMENTATIONS = YES;
				CLANG_WARN_DIRECT_OBJC_ISA_USAGE = YES_ERROR;
				CLANG_WARN_DOCUMENTATION_COMMENTS = YES;
				CLANG_WARN_EMPTY_BODY = YES;
				CLANG_WARN_ENUM_CONVERSION = YES;
				CLANG_WARN_INFINITE_RECURSION = YES;
				CLANG_WARN_INT_CONVERSION = YES;
				CLANG_WARN_NON_LITERAL_NULL_CONVERSION = YES;
				CLANG_WARN_OBJC_IMPLICIT_RETAIN_SELF = YES;
				CLANG_WARN_OBJC_LITERAL_CONVERSION = YES;
				CLANG_WARN_OBJC_ROOT_CLASS = YES_ERROR;
				CLANG_WARN_RANGE_LOOP_ANALYSIS = YES;
				CLANG_WARN_STRICT_PROTOTYPES = YES;
				CLANG_WARN_SUSPICIOUS_MOVE = YES;
				CLANG_WARN_UNGUARDED_AVAILABILITY = YES_AGGRESSIVE;
				CLANG_WARN_UNREACHABLE_CODE = YES;
				CLANG_WARN__DUPLICATE_METHOD_MATCH = YES;
				CODE_SIGN_IDENTITY = "Mac Developer";
				COPY_PHASE_STRIP = NO;
				DEBUG_INFORMATION_FORMAT = dwarf;
				ENABLE_STRICT_OBJC_MSGSEND = YES;
				ENABLE_TESTABILITY = YES;
				GCC_C_LANGUAGE_STANDARD = gnu11;
				GCC_DYNAMIC_NO_PIC = NO;
				GCC_NO_COMMON_BLOCKS = YES;
				GCC_OPTIMIZATION_LEVEL = 0;
				GCC_PREPROCESSOR_DEFINITIONS = (
					"DEBUG=1",
					"$(inherited)",
				);
				GCC_WARN_64_TO_32_BIT_CONVERSION = YES;
				GCC_WARN_ABOUT_RETURN_TYPE = YES_ERROR;
				GCC_WARN_UNDECLARED_SELECTOR = YES;
				GCC_WARN_UNINITIALIZED_AUTOS = YES_AGGRESSIVE;
				GCC_WARN_UNUSED_FUNCTION = YES;
				GCC_WARN_UNUSED_VARIABLE = YES;
				MACOSX_DEPLOYMENT_TARGET = 10.14;
				MTL_ENABLE_DEBUG_INFO = INCLUDE_SOURCE;
				MTL_FAST_MATH = YES;
				ONLY_ACTIVE_ARCH = YES;
				SDKROOT = macosx;
				SWIFT_ACTIVE_COMPILATION_CONDITIONS = DEBUG;
				SWIFT_OPTIMIZATION_LEVEL = "-Onone";
			};
			name = Debug;
		};
		95A0745422C2083E00A42BC8 /* Release */ = {
			isa = XCBuildConfiguration;
			buildSettings = {
				ALWAYS_SEARCH_USER_PATHS = NO;
				CLANG_ANALYZER_LOCALIZABILITY_NONLOCALIZED = YES;
				CLANG_ANALYZER_NONNULL = YES;
				CLANG_ANALYZER_NUMBER_OBJECT_CONVERSION = YES_AGGRESSIVE;
				CLANG_CXX_LANGUAGE_STANDARD = "gnu++14";
				CLANG_CXX_LIBRARY = "libc++";
				CLANG_ENABLE_MODULES = YES;
				CLANG_ENABLE_OBJC_ARC = YES;
				CLANG_ENABLE_OBJC_WEAK = YES;
				CLANG_WARN_BLOCK_CAPTURE_AUTORELEASING = YES;
				CLANG_WARN_BOOL_CONVERSION = YES;
				CLANG_WARN_COMMA = YES;
				CLANG_WARN_CONSTANT_CONVERSION = YES;
				CLANG_WARN_DEPRECATED_OBJC_IMPLEMENTATIONS = YES;
				CLANG_WARN_DIRECT_OBJC_ISA_USAGE = YES_ERROR;
				CLANG_WARN_DOCUMENTATION_COMMENTS = YES;
				CLANG_WARN_EMPTY_BODY = YES;
				CLANG_WARN_ENUM_CONVERSION = YES;
				CLANG_WARN_INFINITE_RECURSION = YES;
				CLANG_WARN_INT_CONVERSION = YES;
				CLANG_WARN_NON_LITERAL_NULL_CONVERSION = YES;
				CLANG_WARN_OBJC_IMPLICIT_RETAIN_SELF = YES;
				CLANG_WARN_OBJC_LITERAL_CONVERSION = YES;
				CLANG_WARN_OBJC_ROOT_CLASS = YES_ERROR;
				CLANG_WARN_RANGE_LOOP_ANALYSIS = YES;
				CLANG_WARN_STRICT_PROTOTYPES = YES;
				CLANG_WARN_SUSPICIOUS_MOVE = YES;
				CLANG_WARN_UNGUARDED_AVAILABILITY = YES_AGGRESSIVE;
				CLANG_WARN_UNREACHABLE_CODE = YES;
				CLANG_WARN__DUPLICATE_METHOD_MATCH = YES;
				CODE_SIGN_IDENTITY = "Mac Developer";
				COPY_PHASE_STRIP = NO;
				DEBUG_INFORMATION_FORMAT = "dwarf-with-dsym";
				ENABLE_NS_ASSERTIONS = NO;
				ENABLE_STRICT_OBJC_MSGSEND = YES;
				GCC_C_LANGUAGE_STANDARD = gnu11;
				GCC_NO_COMMON_BLOCKS = YES;
				GCC_WARN_64_TO_32_BIT_CONVERSION = YES;
				GCC_WARN_ABOUT_RETURN_TYPE = YES_ERROR;
				GCC_WARN_UNDECLARED_SELECTOR = YES;
				GCC_WARN_UNINITIALIZED_AUTOS = YES_AGGRESSIVE;
				GCC_WARN_UNUSED_FUNCTION = YES;
				GCC_WARN_UNUSED_VARIABLE = YES;
				MACOSX_DEPLOYMENT_TARGET = 10.14;
				MTL_ENABLE_DEBUG_INFO = NO;
				MTL_FAST_MATH = YES;
				SDKROOT = macosx;
				SWIFT_COMPILATION_MODE = wholemodule;
				SWIFT_OPTIMIZATION_LEVEL = "-O";
			};
			name = Release;
		};
		95A0745622C2083E00A42BC8 /* Debug */ = {
			isa = XCBuildConfiguration;
			buildSettings = {
				ASSETCATALOG_COMPILER_APPICON_NAME = AppIcon;
				CODE_SIGN_ENTITLEMENTS = "OpenInEditor-Lite/OpenInEditor-Lite.entitlements";
				CODE_SIGN_IDENTITY = "Apple Development";
				CODE_SIGN_STYLE = Automatic;
				COMBINE_HIDPI_IMAGES = YES;
				DEVELOPMENT_TEAM = Q33U8R4U57;
				ENABLE_HARDENED_RUNTIME = YES;
				INFOPLIST_FILE = "OpenInEditor-Lite/Info.plist";
				LD_RUNPATH_SEARCH_PATHS = (
					"$(inherited)",
					"@executable_path/../Frameworks",
				);
				MACOSX_DEPLOYMENT_TARGET = 10.12;
				MARKETING_VERSION = 1.1.0;
				PRODUCT_BUNDLE_IDENTIFIER = "wang.jianing.app.OpenInEditor-Lite";
				PRODUCT_NAME = "$(TARGET_NAME)";
				SWIFT_VERSION = 5.0;
			};
			name = Debug;
		};
		95A0745722C2083E00A42BC8 /* Release */ = {
			isa = XCBuildConfiguration;
			buildSettings = {
				ASSETCATALOG_COMPILER_APPICON_NAME = AppIcon;
				CODE_SIGN_ENTITLEMENTS = "OpenInEditor-Lite/OpenInEditor-Lite.entitlements";
				CODE_SIGN_IDENTITY = "Apple Development";
				CODE_SIGN_STYLE = Automatic;
				COMBINE_HIDPI_IMAGES = YES;
				DEVELOPMENT_TEAM = Q33U8R4U57;
				ENABLE_HARDENED_RUNTIME = YES;
				INFOPLIST_FILE = "OpenInEditor-Lite/Info.plist";
				LD_RUNPATH_SEARCH_PATHS = (
					"$(inherited)",
					"@executable_path/../Frameworks",
				);
				MACOSX_DEPLOYMENT_TARGET = 10.12;
				MARKETING_VERSION = 1.1.0;
				PRODUCT_BUNDLE_IDENTIFIER = "wang.jianing.app.OpenInEditor-Lite";
				PRODUCT_NAME = "$(TARGET_NAME)";
				SWIFT_VERSION = 5.0;
			};
			name = Release;
		};
/* End XCBuildConfiguration section */

/* Begin XCConfigurationList section */
		95A0744222C2083E00A42BC8 /* Build configuration list for PBXProject "OpenInEditor-Lite" */ = {
			isa = XCConfigurationList;
			buildConfigurations = (
				95A0745322C2083E00A42BC8 /* Debug */,
				95A0745422C2083E00A42BC8 /* Release */,
			);
			defaultConfigurationIsVisible = 0;
			defaultConfigurationName = Release;
		};
		95A0745522C2083E00A42BC8 /* Build configuration list for PBXNativeTarget "OpenInEditor-Lite" */ = {
			isa = XCConfigurationList;
			buildConfigurations = (
				95A0745622C2083E00A42BC8 /* Debug */,
				95A0745722C2083E00A42BC8 /* Release */,
			);
			defaultConfigurationIsVisible = 0;
			defaultConfigurationName = Release;
		};
/* End XCConfigurationList section */
	};
	rootObject = 95A0743F22C2083E00A42BC8 /* Project object */;
}
