// !$*UTF8*$!
{
	archiveVersion = 1;
	classes = {
	};
	objectVersion = 50;
	objects = {

/* Begin PBXBuildFile section */
		95163CE62269F0C3007C006F /* Assets.xcassets in Resources */ = {isa = PBXBuildFile; fileRef = 95163CE52269F0C3007C006F /* Assets.xcassets */; };
		95163CF22269F104007C006F /* main.swift in Sources */ = {isa = PBXBuildFile; fileRef = 95163CF12269F104007C006F /* main.swift */; };
		95163CF42269F209007C006F /* OpenInTerminalCore.framework in Frameworks */ = {isa = PBXBuildFile; fileRef = 95163CF32269F209007C006F /* OpenInTerminalCore.framework */; };
		95163CF52269F209007C006F /* OpenInTerminalCore.framework in Embed Frameworks */ = {isa = PBXBuildFile; fileRef = 95163CF32269F209007C006F /* OpenInTerminalCore.framework */; settings = {ATTRIBUTES = (CodeSignOnCopy, RemoveHeadersOnCopy, ); }; };
		9590B69D226C715100362B93 /* Error.swift in Sources */ = {isa = PBXBuildFile; fileRef = 9590B69C226C715100362B93 /* Error.swift */; };
		95ECC130228CF99F00416AA2 /* Localizable.strings in Resources */ = {isa = PBXBuildFile; fileRef = 95ECC132228CF99F00416AA2 /* Localizable.strings */; };
/* End PBXBuildFile section */

/* Begin PBXCopyFilesBuildPhase section */
		95163CF62269F209007C006F /* Embed Frameworks */ = {
			isa = PBXCopyFilesBuildPhase;
			buildActionMask = 2147483647;
			dstPath = "";
			dstSubfolderSpec = 10;
			files = (
				95163CF52269F209007C006F /* OpenInTerminalCore.framework in Embed Frameworks */,
			);
			name = "Embed Frameworks";
			runOnlyForDeploymentPostprocessing = 0;
		};
/* End PBXCopyFilesBuildPhase section */

/* Begin PBXFileReference section */
		82AE667723896ADB00F4DB4D /* ko */ = {isa = PBXFileReference; lastKnownFileType = text.plist.strings; name = ko; path = ko.lproj/Localizable.strings; sourceTree = "<group>"; };
		95163CE02269F0C2007C006F /* OpenInTerminal-Lite.app */ = {isa = PBXFileReference; explicitFileType = wrapper.application; includeInIndex = 0; path = "OpenInTerminal-Lite.app"; sourceTree = BUILT_PRODUCTS_DIR; };
		95163CE52269F0C3007C006F /* Assets.xcassets */ = {isa = PBXFileReference; lastKnownFileType = folder.assetcatalog; path = Assets.xcassets; sourceTree = "<group>"; };
		95163CEA2269F0C3007C006F /* Info.plist */ = {isa = PBXFileReference; lastKnownFileType = text.plist.xml; path = Info.plist; sourceTree = "<group>"; };
		95163CEB2269F0C3007C006F /* OpenInTerminal_Lite.entitlements */ = {isa = PBXFileReference; lastKnownFileType = text.plist.entitlements; path = OpenInTerminal_Lite.entitlements; sourceTree = "<group>"; };
		95163CF12269F104007C006F /* main.swift */ = {isa = PBXFileReference; lastKnownFileType = sourcecode.swift; path = main.swift; sourceTree = "<group>"; };
		95163CF32269F209007C006F /* OpenInTerminalCore.framework */ = {isa = PBXFileReference; explicitFileType = wrapper.framework; path = OpenInTerminalCore.framework; sourceTree = BUILT_PRODUCTS_DIR; };
		9590B69C226C715100362B93 /* Error.swift */ = {isa = PBXFileReference; lastKnownFileType = sourcecode.swift; path = Error.swift; sourceTree = "<group>"; };
		9595D2A123BAD74D006CBB36 /* OpenInTerminal-Lite.entitlements */ = {isa = PBXFileReference; lastKnownFileType = text.plist.entitlements; path = "OpenInTerminal-Lite.entitlements"; sourceTree = "<group>"; };
		95ECC131228CF99F00416AA2 /* en */ = {isa = PBXFileReference; lastKnownFileType = text.plist.strings; name = en; path = en.lproj/Localizable.strings; sourceTree = "<group>"; };
		95ECC133228CF9A100416AA2 /* zh-Hans */ = {isa = PBXFileReference; lastKnownFileType = text.plist.strings; name = "zh-Hans"; path = "zh-Hans.lproj/Localizable.strings"; sourceTree = "<group>"; };
		95ECC134228CF9A200416AA2 /* fr */ = {isa = PBXFileReference; lastKnownFileType = text.plist.strings; name = fr; path = fr.lproj/Localizable.strings; sourceTree = "<group>"; };
		D0C631E3227F8637002C4AA0 /* Debug.xcconfig */ = {isa = PBXFileReference; lastKnownFileType = text.xcconfig; path = Debug.xcconfig; sourceTree = "<group>"; };
		D0C631E4227F8637002C4AA0 /* Release.xcconfig */ = {isa = PBXFileReference; lastKnownFileType = text.xcconfig; path = Release.xcconfig; sourceTree = "<group>"; };
		D0C631E5227F8637002C4AA0 /* Global.xcconfig */ = {isa = PBXFileReference; lastKnownFileType = text.xcconfig; path = Global.xcconfig; sourceTree = "<group>"; };
/* End PBXFileReference section */

/* Begin PBXFrameworksBuildPhase section */
		95163CDD2269F0C2007C006F /* Frameworks */ = {
			isa = PBXFrameworksBuildPhase;
			buildActionMask = 2147483647;
			files = (
				95163CF42269F209007C006F /* OpenInTerminalCore.framework in Frameworks */,
			);
			runOnlyForDeploymentPostprocessing = 0;
		};
/* End PBXFrameworksBuildPhase section */

/* Begin PBXGroup section */
		95163CD72269F0C2007C006F = {
			isa = PBXGroup;
			children = (
				95163CF32269F209007C006F /* OpenInTerminalCore.framework */,
				95163CE22269F0C2007C006F /* OpenInTerminal-Lite */,
				D0C631E2227F8637002C4AA0 /* Configuration */,
				95163CE12269F0C2007C006F /* Products */,
			);
			sourceTree = "<group>";
		};
		95163CE12269F0C2007C006F /* Products */ = {
			isa = PBXGroup;
			children = (
				95163CE02269F0C2007C006F /* OpenInTerminal-Lite.app */,
			);
			name = Products;
			sourceTree = "<group>";
		};
		95163CE22269F0C2007C006F /* OpenInTerminal-Lite */ = {
			isa = PBXGroup;
			children = (
				9595D2A123BAD74D006CBB36 /* OpenInTerminal-Lite.entitlements */,
				95163CF12269F104007C006F /* main.swift */,
				9590B69C226C715100362B93 /* Error.swift */,
				95163CE52269F0C3007C006F /* Assets.xcassets */,
				95163CEA2269F0C3007C006F /* Info.plist */,
				95163CEB2269F0C3007C006F /* OpenInTerminal_Lite.entitlements */,
				95ECC132228CF99F00416AA2 /* Localizable.strings */,
			);
			path = "OpenInTerminal-Lite";
			sourceTree = "<group>";
		};
		D0C631E2227F8637002C4AA0 /* Configuration */ = {
			isa = PBXGroup;
			children = (
				D0C631E3227F8637002C4AA0 /* Debug.xcconfig */,
				D0C631E4227F8637002C4AA0 /* Release.xcconfig */,
				D0C631E5227F8637002C4AA0 /* Global.xcconfig */,
			);
			name = Configuration;
			path = ../Configuration;
			sourceTree = "<group>";
		};
/* End PBXGroup section */

/* Begin PBXNativeTarget section */
		95163CDF2269F0C2007C006F /* OpenInTerminal-Lite */ = {
			isa = PBXNativeTarget;
			buildConfigurationList = 95163CEE2269F0C3007C006F /* Build configuration list for PBXNativeTarget "OpenInTerminal-Lite" */;
			buildPhases = (
				95163CDC2269F0C2007C006F /* Sources */,
				95163CDD2269F0C2007C006F /* Frameworks */,
				95163CDE2269F0C2007C006F /* Resources */,
				95163CF62269F209007C006F /* Embed Frameworks */,
			);
			buildRules = (
			);
			dependencies = (
			);
			name = "OpenInTerminal-Lite";
			productName = "OpenInTerminal-Lite";
			productReference = 95163CE02269F0C2007C006F /* OpenInTerminal-Lite.app */;
			productType = "com.apple.product-type.application";
		};
/* End PBXNativeTarget section */

/* Begin PBXProject section */
		95163CD82269F0C2007C006F /* Project object */ = {
			isa = PBXProject;
			attributes = {
				LastSwiftUpdateCheck = 1020;
				LastUpgradeCheck = 1100;
				ORGANIZATIONNAME = "Jianing Wang";
				TargetAttributes = {
					95163CDF2269F0C2007C006F = {
						CreatedOnToolsVersion = 10.2.1;
						LastSwiftMigration = 1020;
						SystemCapabilities = {
							com.apple.Sandbox = {
								enabled = 0;
							};
						};
					};
				};
			};
			buildConfigurationList = 95163CDB2269F0C2007C006F /* Build configuration list for PBXProject "OpenInTerminal-Lite" */;
			compatibilityVersion = "Xcode 9.3";
			developmentRegion = en;
			hasScannedForEncodings = 0;
			knownRegions = (
				en,
				Base,
				"zh-Hans",
				fr,
				ko,
			);
			mainGroup = 95163CD72269F0C2007C006F;
			productRefGroup = 95163CE12269F0C2007C006F /* Products */;
			projectDirPath = "";
			projectRoot = "";
			targets = (
				95163CDF2269F0C2007C006F /* OpenInTerminal-Lite */,
			);
		};
/* End PBXProject section */

/* Begin PBXResourcesBuildPhase section */
		95163CDE2269F0C2007C006F /* Resources */ = {
			isa = PBXResourcesBuildPhase;
			buildActionMask = 2147483647;
			files = (
				95163CE62269F0C3007C006F /* Assets.xcassets in Resources */,
				95ECC130228CF99F00416AA2 /* Localizable.strings in Resources */,
			);
			runOnlyForDeploymentPostprocessing = 0;
		};
/* End PBXResourcesBuildPhase section */

/* Begin PBXSourcesBuildPhase section */
		95163CDC2269F0C2007C006F /* Sources */ = {
			isa = PBXSourcesBuildPhase;
			buildActionMask = 2147483647;
			files = (
				9590B69D226C715100362B93 /* Error.swift in Sources */,
				95163CF22269F104007C006F /* main.swift in Sources */,
			);
			runOnlyForDeploymentPostprocessing = 0;
		};
/* End PBXSourcesBuildPhase section */

/* Begin PBXVariantGroup section */
		95ECC132228CF99F00416AA2 /* Localizable.strings */ = {
			isa = PBXVariantGroup;
			children = (
				95ECC131228CF99F00416AA2 /* en */,
				95ECC133228CF9A100416AA2 /* zh-Hans */,
				95ECC134228CF9A200416AA2 /* fr */,
				82AE667723896ADB00F4DB4D /* ko */,
			);
			name = Localizable.strings;
			sourceTree = "<group>";
		};
/* End PBXVariantGroup section */

/* Begin XCBuildConfiguration section */
		95163CEC2269F0C3007C006F /* Debug */ = {
			isa = XCBuildConfiguration;
			baseConfigurationReference = D0C631E5227F8637002C4AA0 /* Global.xcconfig */;
			buildSettings = {
				ALWAYS_SEARCH_USER_PATHS = NO;
				CLANG_ANALYZER_LOCALIZABILITY_NONLOCALIZED = YES;
				CLANG_ANALYZER_NONNULL = YES;
				CLANG_ANALYZER_NUMBER_OBJECT_CONVERSION = YES_AGGRESSIVE;
				CLANG_CXX_LANGUAGE_STANDARD = "gnu++14";
				CLANG_CXX_LIBRARY = "libc++";
				CLANG_ENABLE_MODULES = YES;
				CLANG_ENABLE_OBJC_ARC = YES;
				CLANG_ENABLE_OBJC_WEAK = YES;
				CLANG_WARN_BLOCK_CAPTURE_AUTORELEASING = YES;
				CLANG_WARN_BOOL_CONVERSION = YES;
				CLANG_WARN_COMMA = YES;
				CLANG_WARN_CONSTANT_CONVERSION = YES;
				CLANG_WARN_DEPRECATED_OBJC_IMPLEMENTATIONS = YES;
				CLANG_WARN_DIRECT_OBJC_ISA_USAGE = YES_ERROR;
				CLANG_WARN_DOCUMENTATION_COMMENTS = YES;
				CLANG_WARN_EMPTY_BODY = YES;
				CLANG_WARN_ENUM_CONVERSION = YES;
				CLANG_WARN_INFINITE_RECURSION = YES;
				CLANG_WARN_INT_CONVERSION = YES;
				CLANG_WARN_NON_LITERAL_NULL_CONVERSION = YES;
				CLANG_WARN_OBJC_IMPLICIT_RETAIN_SELF = YES;
				CLANG_WARN_OBJC_LITERAL_CONVERSION = YES;
				CLANG_WARN_OBJC_ROOT_CLASS = YES_ERROR;
				CLANG_WARN_RANGE_LOOP_ANALYSIS = YES;
				CLANG_WARN_STRICT_PROTOTYPES = YES;
				CLANG_WARN_SUSPICIOUS_MOVE = YES;
				CLANG_WARN_UNGUARDED_AVAILABILITY = YES_AGGRESSIVE;
				CLANG_WARN_UNREACHABLE_CODE = YES;
				CLANG_WARN__DUPLICATE_METHOD_MATCH = YES;
				COPY_PHASE_STRIP = NO;
				DEBUG_INFORMATION_FORMAT = dwarf;
				ENABLE_STRICT_OBJC_MSGSEND = YES;
				ENABLE_TESTABILITY = YES;
				GCC_C_LANGUAGE_STANDARD = gnu11;
				GCC_DYNAMIC_NO_PIC = NO;
				GCC_NO_COMMON_BLOCKS = YES;
				GCC_OPTIMIZATION_LEVEL = 0;
				GCC_PREPROCESSOR_DEFINITIONS = (
					"DEBUG=1",
					"$(inherited)",
				);
				GCC_WARN_64_TO_32_BIT_CONVERSION = YES;
				GCC_WARN_ABOUT_RETURN_TYPE = YES_ERROR;
				GCC_WARN_UNDECLARED_SELECTOR = YES;
				GCC_WARN_UNINITIALIZED_AUTOS = YES_AGGRESSIVE;
				GCC_WARN_UNUSED_FUNCTION = YES;
				GCC_WARN_UNUSED_VARIABLE = YES;
				MACOSX_DEPLOYMENT_TARGET = 10.9;
				MTL_ENABLE_DEBUG_INFO = INCLUDE_SOURCE;
				MTL_FAST_MATH = YES;
				ONLY_ACTIVE_ARCH = YES;
				SDKROOT = macosx;
				SWIFT_ACTIVE_COMPILATION_CONDITIONS = DEBUG;
				SWIFT_OPTIMIZATION_LEVEL = "-Onone";
			};
			name = Debug;
		};
		95163CED2269F0C3007C006F /* Release */ = {
			isa = XCBuildConfiguration;
			baseConfigurationReference = D0C631E5227F8637002C4AA0 /* Global.xcconfig */;
			buildSettings = {
				ALWAYS_SEARCH_USER_PATHS = NO;
				CLANG_ANALYZER_LOCALIZABILITY_NONLOCALIZED = YES;
				CLANG_ANALYZER_NONNULL = YES;
				CLANG_ANALYZER_NUMBER_OBJECT_CONVERSION = YES_AGGRESSIVE;
				CLANG_CXX_LANGUAGE_STANDARD = "gnu++14";
				CLANG_CXX_LIBRARY = "libc++";
				CLANG_ENABLE_MODULES = YES;
				CLANG_ENABLE_OBJC_ARC = YES;
				CLANG_ENABLE_OBJC_WEAK = YES;
				CLANG_WARN_BLOCK_CAPTURE_AUTORELEASING = YES;
				CLANG_WARN_BOOL_CONVERSION = YES;
				CLANG_WARN_COMMA = YES;
				CLANG_WARN_CONSTANT_CONVERSION = YES;
				CLANG_WARN_DEPRECATED_OBJC_IMPLEMENTATIONS = YES;
				CLANG_WARN_DIRECT_OBJC_ISA_USAGE = YES_ERROR;
				CLANG_WARN_DOCUMENTATION_COMMENTS = YES;
				CLANG_WARN_EMPTY_BODY = YES;
				CLANG_WARN_ENUM_CONVERSION = YES;
				CLANG_WARN_INFINITE_RECURSION = YES;
				CLANG_WARN_INT_CONVERSION = YES;
				CLANG_WARN_NON_LITERAL_NULL_CONVERSION = YES;
				CLANG_WARN_OBJC_IMPLICIT_RETAIN_SELF = YES;
				CLANG_WARN_OBJC_LITERAL_CONVERSION = YES;
				CLANG_WARN_OBJC_ROOT_CLASS = YES_ERROR;
				CLANG_WARN_RANGE_LOOP_ANALYSIS = YES;
				CLANG_WARN_STRICT_PROTOTYPES = YES;
				CLANG_WARN_SUSPICIOUS_MOVE = YES;
				CLANG_WARN_UNGUARDED_AVAILABILITY = YES_AGGRESSIVE;
				CLANG_WARN_UNREACHABLE_CODE = YES;
				CLANG_WARN__DUPLICATE_METHOD_MATCH = YES;
				COPY_PHASE_STRIP = NO;
				DEBUG_INFORMATION_FORMAT = "dwarf-with-dsym";
				ENABLE_NS_ASSERTIONS = NO;
				ENABLE_STRICT_OBJC_MSGSEND = YES;
				GCC_C_LANGUAGE_STANDARD = gnu11;
				GCC_NO_COMMON_BLOCKS = YES;
				GCC_WARN_64_TO_32_BIT_CONVERSION = YES;
				GCC_WARN_ABOUT_RETURN_TYPE = YES_ERROR;
				GCC_WARN_UNDECLARED_SELECTOR = YES;
				GCC_WARN_UNINITIALIZED_AUTOS = YES_AGGRESSIVE;
				GCC_WARN_UNUSED_FUNCTION = YES;
				GCC_WARN_UNUSED_VARIABLE = YES;
				MACOSX_DEPLOYMENT_TARGET = 10.9;
				MTL_ENABLE_DEBUG_INFO = NO;
				MTL_FAST_MATH = YES;
				SDKROOT = macosx;
				SWIFT_COMPILATION_MODE = wholemodule;
				SWIFT_OPTIMIZATION_LEVEL = "-O";
			};
			name = Release;
		};
		95163CEF2269F0C3007C006F /* Debug */ = {
			isa = XCBuildConfiguration;
			buildSettings = {
				ASSETCATALOG_COMPILER_APPICON_NAME = AppIcon;
				CLANG_ENABLE_MODULES = YES;
				CODE_SIGN_ENTITLEMENTS = "OpenInTerminal-Lite/OpenInTerminal-Lite.entitlements";
				CODE_SIGN_IDENTITY = "Apple Development";
				COMBINE_HIDPI_IMAGES = YES;
				DEVELOPMENT_TEAM = Q33U8R4U57;
				ENABLE_HARDENED_RUNTIME = YES;
				INFOPLIST_FILE = "OpenInTerminal-Lite/Info.plist";
				LD_RUNPATH_SEARCH_PATHS = (
					"$(inherited)",
					"@executable_path/../Frameworks",
				);
				MACOSX_DEPLOYMENT_TARGET = 10.12;
				MARKETING_VERSION = 1.1.0;
				PRODUCT_BUNDLE_IDENTIFIER = "wang.jianing.app.OpenInTerminal-Lite";
				PRODUCT_NAME = "$(TARGET_NAME)";
				SWIFT_OPTIMIZATION_LEVEL = "-Onone";
				SWIFT_VERSION = 5.0;
			};
			name = Debug;
		};
		95163CF02269F0C3007C006F /* Release */ = {
			isa = XCBuildConfiguration;
			buildSettings = {
				ASSETCATALOG_COMPILER_APPICON_NAME = AppIcon;
				CLANG_ENABLE_MODULES = YES;
				CODE_SIGN_ENTITLEMENTS = "OpenInTerminal-Lite/OpenInTerminal-Lite.entitlements";
				CODE_SIGN_IDENTITY = "Apple Development";
				COMBINE_HIDPI_IMAGES = YES;
				DEVELOPMENT_TEAM = Q33U8R4U57;
				ENABLE_HARDENED_RUNTIME = YES;
				INFOPLIST_FILE = "OpenInTerminal-Lite/Info.plist";
				LD_RUNPATH_SEARCH_PATHS = (
					"$(inherited)",
					"@executable_path/../Frameworks",
				);
				MACOSX_DEPLOYMENT_TARGET = 10.12;
				MARKETING_VERSION = 1.1.0;
				PRODUCT_BUNDLE_IDENTIFIER = "wang.jianing.app.OpenInTerminal-Lite";
				PRODUCT_NAME = "$(TARGET_NAME)";
				SWIFT_VERSION = 5.0;
			};
			name = Release;
		};
/* End XCBuildConfiguration section */

/* Begin XCConfigurationList section */
		95163CDB2269F0C2007C006F /* Build configuration list for PBXProject "OpenInTerminal-Lite" */ = {
			isa = XCConfigurationList;
			buildConfigurations = (
				95163CEC2269F0C3007C006F /* Debug */,
				95163CED2269F0C3007C006F /* Release */,
			);
			defaultConfigurationIsVisible = 0;
			defaultConfigurationName = Release;
		};
		95163CEE2269F0C3007C006F /* Build configuration list for PBXNativeTarget "OpenInTerminal-Lite" */ = {
			isa = XCConfigurationList;
			buildConfigurations = (
				95163CEF2269F0C3007C006F /* Debug */,
				95163CF02269F0C3007C006F /* Release */,
			);
			defaultConfigurationIsVisible = 0;
			defaultConfigurationName = Release;
		};
/* End XCConfigurationList section */
	};
	rootObject = 95163CD82269F0C2007C006F /* Project object */;
}
